
Microsoft Visual Studio Solution File, Format Version 12.00
# Visual Studio 2013
VisualStudioVersion = 12.0.30110.0
MinimumVisualStudioVersion = 10.0.40219.1
Project("{FAE04EC0-301F-11D3-BF4B-00C04F79EFBC}") = "NorthWindService", "NorthWindService\NorthWindService.csproj", "{C27CB53D-9375-4E3E-8240-E54EABA4CEBC}"
EndProject
Project("{FAE04EC0-301F-11D3-BF4B-00C04F79EFBC}") = "PollingService", "PollingService\PollingService.csproj", "{0BD389D4-24A5-4632-94E7-40F3479F2A8E}"
EndProject
Project("{FAE04EC0-301F-11D3-BF4B-00C04F79EFBC}") = "SharePointApp", "SharePointApp\SharePointApp.csproj", "{729CB8F3-0977-47F8-AF3B-E7BCD4212035}"
EndProject
Global
	GlobalSection(SolutionConfigurationPlatforms) = preSolution
		Debug|Any CPU = Debug|Any CPU
		Release|Any CPU = Release|Any CPU
	EndGlobalSection
	GlobalSection(ProjectConfigurationPlatforms) = postSolution
		{C27CB53D-9375-4E3E-8240-E54EABA4CEBC}.Debug|Any CPU.ActiveCfg = Debug|Any CPU
		{C27CB53D-9375-4E3E-8240-E54EABA4CEBC}.Debug|Any CPU.Build.0 = Debug|Any CPU
		{C27CB53D-9375-4E3E-8240-E54EABA4CEBC}.Release|Any CPU.ActiveCfg = Release|Any CPU
		{C27CB53D-9375-4E3E-8240-E54EABA4CEBC}.Release|Any CPU.Build.0 = Release|Any CPU
		{0BD389D4-24A5-4632-94E7-40F3479F2A8E}.Debug|Any CPU.ActiveCfg = Debug|Any CPU
		{0BD389D4-24A5-4632-94E7-40F3479F2A8E}.Debug|Any CPU.Build.0 = Debug|Any CPU
		{0BD389D4-24A5-4632-94E7-40F3479F2A8E}.Release|Any CPU.ActiveCfg = Release|Any CPU
		{0BD389D4-24A5-4632-94E7-40F3479F2A8E}.Release|Any CPU.Build.0 = Release|Any CPU
		{729CB8F3-0977-47F8-AF3B-E7BCD4212035}.Debug|Any CPU.ActiveCfg = Debug|Any CPU
		{729CB8F3-0977-47F8-AF3B-E7BCD4212035}.Debug|Any CPU.Build.0 = Debug|Any CPU
		{729CB8F3-0977-47F8-AF3B-E7BCD4212035}.Debug|Any CPU.Deploy.0 = Debug|Any CPU
		{729CB8F3-0977-47F8-AF3B-E7BCD4212035}.Release|Any CPU.ActiveCfg = Release|Any CPU
		{729CB8F3-0977-47F8-AF3B-E7BCD4212035}.Release|Any CPU.Build.0 = Release|Any CPU
		{729CB8F3-0977-47F8-AF3B-E7BCD4212035}.Release|Any CPU.Deploy.0 = Release|Any CPU
	EndGlobalSection
	GlobalSection(SolutionProperties) = preSolution
		HideSolutionNode = FALSE
	EndGlobalSection
EndGlobal
